
Microsoft Visual Studio Solution File, Format Version 12.00
# Visual Studio Version 17
VisualStudioVersion = 17.3.32811.315
MinimumVisualStudioVersion = 10.0.40219.1
Project("{8BC9CEB8-8B4A-11D0-8D11-00A0C91BC942}") = "Phase 2", "Phase 2.vcxproj", "{73ABFF42-7595-4234-AA9D-D05619CBEB33}"
EndProject
Global
	GlobalSection(SolutionConfigurationPlatforms) = preSolution
		Debug|x64 = Debug|x64
		Debug|x86 = Debug|x86
		Release|x64 = Release|x64
		Release|x86 = Release|x86
	EndGlobalSection
	GlobalSection(ProjectConfigurationPlatforms) = postSolution
		{73ABFF42-7595-4234-AA9D-D05619CBEB33}.Debug|x64.ActiveCfg = Debug|x64
		{73ABFF42-7595-4234-AA9D-D05619CBEB33}.Debug|x64.Build.0 = Debug|x64
		{73ABFF42-7595-4234-AA9D-D05619CBEB33}.Debug|x86.ActiveCfg = Debug|Win32
		{73ABFF42-7595-4234-AA9D-D05619CBEB33}.Debug|x86.Build.0 = Debug|Win32
		{73ABFF42-7595-4234-AA9D-D05619CBEB33}.Release|x64.ActiveCfg = Release|x64
		{73ABFF42-7595-4234-AA9D-D05619CBEB33}.Release|x64.Build.0 = Release|x64
		{73ABFF42-7595-4234-AA9D-D05619CBEB33}.Release|x86.ActiveCfg = Release|Win32
		{73ABFF42-7595-4234-AA9D-D05619CBEB33}.Release|x86.Build.0 = Release|Win32
	EndGlobalSection
	GlobalSection(SolutionProperties) = preSolution
		HideSolutionNode = FALSE
	EndGlobalSection
	GlobalSection(ExtensibilityGlobals) = postSolution
		SolutionGuid = {ABE40D0D-D3B8-4F52-A0D8-3CF4C0A43FF7}
	EndGlobalSection
EndGlobal
